// !$*UTF8*$!
{
	archiveVersion = 1;
	classes = {
	};
	objectVersion = 46;
	objects = {

/* Begin PBXBuildFile section */
		208CB5C21D7498E200BC59EA /* AppDelegate.swift in Sources */ = {isa = PBXBuildFile; fileRef = 208CB5C11D7498E200BC59EA /* AppDelegate.swift */; };
		208CB5C41D7498E200BC59EA /* ViewController.swift in Sources */ = {isa = PBXBuildFile; fileRef = 208CB5C31D7498E200BC59EA /* ViewController.swift */; };
		208CB5C71D7498E200BC59EA /* Main.storyboard in Resources */ = {isa = PBXBuildFile; fileRef = 208CB5C51D7498E200BC59EA /* Main.storyboard */; };
		208CB5C91D7498E200BC59EA /* Assets.xcassets in Resources */ = {isa = PBXBuildFile; fileRef = 208CB5C81D7498E200BC59EA /* Assets.xcassets */; };
		208CB5CC1D7498E200BC59EA /* LaunchScreen.storyboard in Resources */ = {isa = PBXBuildFile; fileRef = 208CB5CA1D7498E200BC59EA /* LaunchScreen.storyboard */; };
		208CB5D41D74A9D300BC59EA /* GoogleService-Info.plist in Resources */ = {isa = PBXBuildFile; fileRef = 208CB5D31D74A9D300BC59EA /* GoogleService-Info.plist */; };
		208CB5E71D74AC7300BC59EA /* GeoFire.m in Sources */ = {isa = PBXBuildFile; fileRef = 208CB5DE1D74AC7300BC59EA /* GeoFire.m */; };
		208CB5E81D74AC7300BC59EA /* GFBase32Utils.m in Sources */ = {isa = PBXBuildFile; fileRef = 208CB5E01D74AC7300BC59EA /* GFBase32Utils.m */; };
		208CB5E91D74AC7300BC59EA /* GFGeoHash.m in Sources */ = {isa = PBXBuildFile; fileRef = 208CB5E21D74AC7300BC59EA /* GFGeoHash.m */; };
		208CB5EA1D74AC7300BC59EA /* GFGeoHashQuery.m in Sources */ = {isa = PBXBuildFile; fileRef = 208CB5E41D74AC7300BC59EA /* GFGeoHashQuery.m */; };
		208CB5EB1D74AC7300BC59EA /* GFQuery.m in Sources */ = {isa = PBXBuildFile; fileRef = 208CB5E61D74AC7300BC59EA /* GFQuery.m */; };
		20C16C2F1D74C55200321BB6 /* PokeAnnotation.swift in Sources */ = {isa = PBXBuildFile; fileRef = 20C16C2E1D74C55200321BB6 /* PokeAnnotation.swift */; };
		27840A793920EFCDD0972E56 /* Pods_PokeFinder.framework in Frameworks */ = {isa = PBXBuildFile; fileRef = BBF28983955409E65319EDF9 /* Pods_PokeFinder.framework */; };
/* End PBXBuildFile section */

/* Begin PBXFileReference section */
		208CB5BE1D7498E200BC59EA /* PokeFinder.app */ = {isa = PBXFileReference; explicitFileType = wrapper.application; includeInIndex = 0; path = PokeFinder.app; sourceTree = BUILT_PRODUCTS_DIR; };
		208CB5C11D7498E200BC59EA /* AppDelegate.swift */ = {isa = PBXFileReference; lastKnownFileType = sourcecode.swift; path = AppDelegate.swift; sourceTree = "<group>"; };
		208CB5C31D7498E200BC59EA /* ViewController.swift */ = {isa = PBXFileReference; lastKnownFileType = sourcecode.swift; path = ViewController.swift; sourceTree = "<group>"; };
		208CB5C61D7498E200BC59EA /* Base */ = {isa = PBXFileReference; lastKnownFileType = file.storyboard; name = Base; path = Base.lproj/Main.storyboard; sourceTree = "<group>"; };
		208CB5C81D7498E200BC59EA /* Assets.xcassets */ = {isa = PBXFileReference; lastKnownFileType = folder.assetcatalog; path = Assets.xcassets; sourceTree = "<group>"; };
		208CB5CB1D7498E200BC59EA /* Base */ = {isa = PBXFileReference; lastKnownFileType = file.storyboard; name = Base; path = Base.lproj/LaunchScreen.storyboard; sourceTree = "<group>"; };
		208CB5CD1D7498E200BC59EA /* Info.plist */ = {isa = PBXFileReference; lastKnownFileType = text.plist.xml; path = Info.plist; sourceTree = "<group>"; };
		208CB5D31D74A9D300BC59EA /* GoogleService-Info.plist */ = {isa = PBXFileReference; fileEncoding = 4; lastKnownFileType = text.plist.xml; path = "GoogleService-Info.plist"; sourceTree = "<group>"; };
		208CB5D71D74AC7300BC59EA /* GeoFire.h */ = {isa = PBXFileReference; fileEncoding = 4; lastKnownFileType = sourcecode.c.h; path = GeoFire.h; sourceTree = "<group>"; };
		208CB5D81D74AC7300BC59EA /* GFCircleQuery.h */ = {isa = PBXFileReference; fileEncoding = 4; lastKnownFileType = sourcecode.c.h; path = GFCircleQuery.h; sourceTree = "<group>"; };
		208CB5D91D74AC7300BC59EA /* GFQuery.h */ = {isa = PBXFileReference; fileEncoding = 4; lastKnownFileType = sourcecode.c.h; path = GFQuery.h; sourceTree = "<group>"; };
		208CB5DA1D74AC7300BC59EA /* GFRegionQuery.h */ = {isa = PBXFileReference; fileEncoding = 4; lastKnownFileType = sourcecode.c.h; path = GFRegionQuery.h; sourceTree = "<group>"; };
		208CB5DB1D74AC7300BC59EA /* GeoFire-Prefix.pch */ = {isa = PBXFileReference; fileEncoding = 4; lastKnownFileType = sourcecode.c.h; path = "GeoFire-Prefix.pch"; sourceTree = "<group>"; };
		208CB5DD1D74AC7300BC59EA /* GeoFire+Private.h */ = {isa = PBXFileReference; fileEncoding = 4; lastKnownFileType = sourcecode.c.h; path = "GeoFire+Private.h"; sourceTree = "<group>"; };
		208CB5DE1D74AC7300BC59EA /* GeoFire.m */ = {isa = PBXFileReference; fileEncoding = 4; lastKnownFileType = sourcecode.c.objc; path = GeoFire.m; sourceTree = "<group>"; };
		208CB5DF1D74AC7300BC59EA /* GFBase32Utils.h */ = {isa = PBXFileReference; fileEncoding = 4; lastKnownFileType = sourcecode.c.h; path = GFBase32Utils.h; sourceTree = "<group>"; };
		208CB5E01D74AC7300BC59EA /* GFBase32Utils.m */ = {isa = PBXFileReference; fileEncoding = 4; lastKnownFileType = sourcecode.c.objc; path = GFBase32Utils.m; sourceTree = "<group>"; };
		208CB5E11D74AC7300BC59EA /* GFGeoHash.h */ = {isa = PBXFileReference; fileEncoding = 4; lastKnownFileType = sourcecode.c.h; path = GFGeoHash.h; sourceTree = "<group>"; };
		208CB5E21D74AC7300BC59EA /* GFGeoHash.m */ = {isa = PBXFileReference; fileEncoding = 4; lastKnownFileType = sourcecode.c.objc; path = GFGeoHash.m; sourceTree = "<group>"; };
		208CB5E31D74AC7300BC59EA /* GFGeoHashQuery.h */ = {isa = PBXFileReference; fileEncoding = 4; lastKnownFileType = sourcecode.c.h; path = GFGeoHashQuery.h; sourceTree = "<group>"; };
		208CB5E41D74AC7300BC59EA /* GFGeoHashQuery.m */ = {isa = PBXFileReference; fileEncoding = 4; lastKnownFileType = sourcecode.c.objc; path = GFGeoHashQuery.m; sourceTree = "<group>"; };
		208CB5E51D74AC7300BC59EA /* GFQuery+Private.h */ = {isa = PBXFileReference; fileEncoding = 4; lastKnownFileType = sourcecode.c.h; path = "GFQuery+Private.h"; sourceTree = "<group>"; };
		208CB5E61D74AC7300BC59EA /* GFQuery.m */ = {isa = PBXFileReference; fileEncoding = 4; lastKnownFileType = sourcecode.c.objc; path = GFQuery.m; sourceTree = "<group>"; };
		208CB5F41D74ADF900BC59EA /* PokeFinder-Bridging-Header.h */ = {isa = PBXFileReference; fileEncoding = 4; lastKnownFileType = sourcecode.c.h; path = "PokeFinder-Bridging-Header.h"; sourceTree = "<group>"; };
		20C16C2E1D74C55200321BB6 /* PokeAnnotation.swift */ = {isa = PBXFileReference; fileEncoding = 4; lastKnownFileType = sourcecode.swift; path = PokeAnnotation.swift; sourceTree = "<group>"; };
		9CB3085F825E203B31B546BD /* Pods-PokeFinder.debug.xcconfig */ = {isa = PBXFileReference; includeInIndex = 1; lastKnownFileType = text.xcconfig; name = "Pods-PokeFinder.debug.xcconfig"; path = "Pods/Target Support Files/Pods-PokeFinder/Pods-PokeFinder.debug.xcconfig"; sourceTree = "<group>"; };
		BBF28983955409E65319EDF9 /* Pods_PokeFinder.framework */ = {isa = PBXFileReference; explicitFileType = wrapper.framework; includeInIndex = 0; path = Pods_PokeFinder.framework; sourceTree = BUILT_PRODUCTS_DIR; };
		EC3F9C48D060E64EFE344A2F /* Pods-PokeFinder.release.xcconfig */ = {isa = PBXFileReference; includeInIndex = 1; lastKnownFileType = text.xcconfig; name = "Pods-PokeFinder.release.xcconfig"; path = "Pods/Target Support Files/Pods-PokeFinder/Pods-PokeFinder.release.xcconfig"; sourceTree = "<group>"; };
/* End PBXFileReference section */

/* Begin PBXFrameworksBuildPhase section */
		208CB5BB1D7498E200BC59EA /* Frameworks */ = {
			isa = PBXFrameworksBuildPhase;
			buildActionMask = 2147483647;
			files = (
				27840A793920EFCDD0972E56 /* Pods_PokeFinder.framework in Frameworks */,
			);
			runOnlyForDeploymentPostprocessing = 0;
		};
/* End PBXFrameworksBuildPhase section */

/* Begin PBXGroup section */
		0CE2F35149EC8F056BBD37C5 /* Pods */ = {
			isa = PBXGroup;
			children = (
				9CB3085F825E203B31B546BD /* Pods-PokeFinder.debug.xcconfig */,
				EC3F9C48D060E64EFE344A2F /* Pods-PokeFinder.release.xcconfig */,
			);
			name = Pods;
			sourceTree = "<group>";
		};
		208CB5B51D7498E100BC59EA = {
			isa = PBXGroup;
			children = (
				208CB5C01D7498E200BC59EA /* PokeFinder */,
				208CB5BF1D7498E200BC59EA /* Products */,
				0CE2F35149EC8F056BBD37C5 /* Pods */,
				5575C31D38F6FE49F7167CBB /* Frameworks */,
			);
			sourceTree = "<group>";
		};
		208CB5BF1D7498E200BC59EA /* Products */ = {
			isa = PBXGroup;
			children = (
				208CB5BE1D7498E200BC59EA /* PokeFinder.app */,
			);
			name = Products;
			sourceTree = "<group>";
		};
		208CB5C01D7498E200BC59EA /* PokeFinder */ = {
			isa = PBXGroup;
			children = (
				20C16C2D1D74C51200321BB6 /* Model */,
				20C16C2C1D74C50C00321BB6 /* Controller */,
				208CB5D51D74AC7300BC59EA /* GeoFire */,
				208CB5D31D74A9D300BC59EA /* GoogleService-Info.plist */,
				208CB5C11D7498E200BC59EA /* AppDelegate.swift */,
				208CB5CD1D7498E200BC59EA /* Info.plist */,
				208CB5F41D74ADF900BC59EA /* PokeFinder-Bridging-Header.h */,
				208CB5C81D7498E200BC59EA /* Assets.xcassets */,
				208CB5CA1D7498E200BC59EA /* LaunchScreen.storyboard */,
				208CB5C51D7498E200BC59EA /* Main.storyboard */,
			);
			path = PokeFinder;
			sourceTree = "<group>";
		};
		208CB5D51D74AC7300BC59EA /* GeoFire */ = {
			isa = PBXGroup;
			children = (
				208CB5D61D74AC7300BC59EA /* API */,
				208CB5DB1D74AC7300BC59EA /* GeoFire-Prefix.pch */,
				208CB5DC1D74AC7300BC59EA /* Implementation */,
			);
			path = GeoFire;
			sourceTree = "<group>";
		};
		208CB5D61D74AC7300BC59EA /* API */ = {
			isa = PBXGroup;
			children = (
				208CB5D71D74AC7300BC59EA /* GeoFire.h */,
				208CB5D81D74AC7300BC59EA /* GFCircleQuery.h */,
				208CB5D91D74AC7300BC59EA /* GFQuery.h */,
				208CB5DA1D74AC7300BC59EA /* GFRegionQuery.h */,
			);
			path = API;
			sourceTree = "<group>";
		};
		208CB5DC1D74AC7300BC59EA /* Implementation */ = {
			isa = PBXGroup;
			children = (
				208CB5DD1D74AC7300BC59EA /* GeoFire+Private.h */,
				208CB5DE1D74AC7300BC59EA /* GeoFire.m */,
				208CB5DF1D74AC7300BC59EA /* GFBase32Utils.h */,
				208CB5E01D74AC7300BC59EA /* GFBase32Utils.m */,
				208CB5E11D74AC7300BC59EA /* GFGeoHash.h */,
				208CB5E21D74AC7300BC59EA /* GFGeoHash.m */,
				208CB5E31D74AC7300BC59EA /* GFGeoHashQuery.h */,
				208CB5E41D74AC7300BC59EA /* GFGeoHashQuery.m */,
				208CB5E51D74AC7300BC59EA /* GFQuery+Private.h */,
				208CB5E61D74AC7300BC59EA /* GFQuery.m */,
			);
			path = Implementation;
			sourceTree = "<group>";
		};
		20C16C2C1D74C50C00321BB6 /* Controller */ = {
			isa = PBXGroup;
			children = (
				208CB5C31D7498E200BC59EA /* ViewController.swift */,
			);
			name = Controller;
			sourceTree = "<group>";
		};
		20C16C2D1D74C51200321BB6 /* Model */ = {
			isa = PBXGroup;
			children = (
				20C16C2E1D74C55200321BB6 /* PokeAnnotation.swift */,
			);
			name = Model;
			sourceTree = "<group>";
		};
		5575C31D38F6FE49F7167CBB /* Frameworks */ = {
			isa = PBXGroup;
			children = (
				BBF28983955409E65319EDF9 /* Pods_PokeFinder.framework */,
			);
			name = Frameworks;
			sourceTree = "<group>";
		};
/* End PBXGroup section */

/* Begin PBXNativeTarget section */
		208CB5BD1D7498E200BC59EA /* PokeFinder */ = {
			isa = PBXNativeTarget;
			buildConfigurationList = 208CB5D01D7498E200BC59EA /* Build configuration list for PBXNativeTarget "PokeFinder" */;
			buildPhases = (
				9931D7BC6AB060DFC1671959 /* [CP] Check Pods Manifest.lock */,
				208CB5BA1D7498E200BC59EA /* Sources */,
				208CB5BB1D7498E200BC59EA /* Frameworks */,
				208CB5BC1D7498E200BC59EA /* Resources */,
				EF56B3429651C328F135B22F /* [CP] Embed Pods Frameworks */,
				F3B7E3D250583994BD33FF63 /* [CP] Copy Pods Resources */,
			);
			buildRules = (
			);
			dependencies = (
			);
			name = PokeFinder;
			productName = PokeFinder;
			productReference = 208CB5BE1D7498E200BC59EA /* PokeFinder.app */;
			productType = "com.apple.product-type.application";
		};
/* End PBXNativeTarget section */

/* Begin PBXProject section */
		208CB5B61D7498E100BC59EA /* Project object */ = {
			isa = PBXProject;
			attributes = {
				LastSwiftUpdateCheck = 0800;
				LastUpgradeCheck = 0800;
				ORGANIZATIONNAME = "Rickey Hrabowskie";
				TargetAttributes = {
					208CB5BD1D7498E200BC59EA = {
						CreatedOnToolsVersion = 8.0;
						DevelopmentTeam = XC48HTB69A;
						DevelopmentTeamName = "Rickey Hrabowskie";
						ProvisioningStyle = Automatic;
					};
				};
			};
			buildConfigurationList = 208CB5B91D7498E100BC59EA /* Build configuration list for PBXProject "PokeFinder" */;
			compatibilityVersion = "Xcode 3.2";
			developmentRegion = English;
			hasScannedForEncodings = 0;
			knownRegions = (
				en,
				Base,
			);
			mainGroup = 208CB5B51D7498E100BC59EA;
			productRefGroup = 208CB5BF1D7498E200BC59EA /* Products */;
			projectDirPath = "";
			projectRoot = "";
			targets = (
				208CB5BD1D7498E200BC59EA /* PokeFinder */,
			);
		};
/* End PBXProject section */

/* Begin PBXResourcesBuildPhase section */
		208CB5BC1D7498E200BC59EA /* Resources */ = {
			isa = PBXResourcesBuildPhase;
			buildActionMask = 2147483647;
			files = (
				208CB5CC1D7498E200BC59EA /* LaunchScreen.storyboard in Resources */,
				208CB5C91D7498E200BC59EA /* Assets.xcassets in Resources */,
				208CB5C71D7498E200BC59EA /* Main.storyboard in Resources */,
				208CB5D41D74A9D300BC59EA /* GoogleService-Info.plist in Resources */,
			);
			runOnlyForDeploymentPostprocessing = 0;
		};
/* End PBXResourcesBuildPhase section */

/* Begin PBXShellScriptBuildPhase section */
		9931D7BC6AB060DFC1671959 /* [CP] Check Pods Manifest.lock */ = {
			isa = PBXShellScriptBuildPhase;
			buildActionMask = 2147483647;
			files = (
			);
			inputPaths = (
			);
			name = "[CP] Check Pods Manifest.lock";
			outputPaths = (
			);
			runOnlyForDeploymentPostprocessing = 0;
			shellPath = /bin/sh;
			shellScript = "diff \"${PODS_ROOT}/../Podfile.lock\" \"${PODS_ROOT}/Manifest.lock\" > /dev/null\nif [[ $? != 0 ]] ; then\n    cat << EOM\nerror: The sandbox is not in sync with the Podfile.lock. Run 'pod install' or update your CocoaPods installation.\nEOM\n    exit 1\nfi\n";
			showEnvVarsInLog = 0;
		};
		EF56B3429651C328F135B22F /* [CP] Embed Pods Frameworks */ = {
			isa = PBXShellScriptBuildPhase;
			buildActionMask = 2147483647;
			files = (
			);
			inputPaths = (
			);
			name = "[CP] Embed Pods Frameworks";
			outputPaths = (
			);
			runOnlyForDeploymentPostprocessing = 0;
			shellPath = /bin/sh;
			shellScript = "\"${SRCROOT}/Pods/Target Support Files/Pods-PokeFinder/Pods-PokeFinder-frameworks.sh\"\n";
			showEnvVarsInLog = 0;
		};
		F3B7E3D250583994BD33FF63 /* [CP] Copy Pods Resources */ = {
			isa = PBXShellScriptBuildPhase;
			buildActionMask = 2147483647;
			files = (
			);
			inputPaths = (
			);
			name = "[CP] Copy Pods Resources";
			outputPaths = (
			);
			runOnlyForDeploymentPostprocessing = 0;
			shellPath = /bin/sh;
			shellScript = "\"${SRCROOT}/Pods/Target Support Files/Pods-PokeFinder/Pods-PokeFinder-resources.sh\"\n";
			showEnvVarsInLog = 0;
		};
/* End PBXShellScriptBuildPhase section */

/* Begin PBXSourcesBuildPhase section */
		208CB5BA1D7498E200BC59EA /* Sources */ = {
			isa = PBXSourcesBuildPhase;
			buildActionMask = 2147483647;
			files = (
				208CB5E81D74AC7300BC59EA /* GFBase32Utils.m in Sources */,
				20C16C2F1D74C55200321BB6 /* PokeAnnotation.swift in Sources */,
				208CB5C41D7498E200BC59EA /* ViewController.swift in Sources */,
				208CB5E91D74AC7300BC59EA /* GFGeoHash.m in Sources */,
				208CB5C21D7498E200BC59EA /* AppDelegate.swift in Sources */,
				208CB5E71D74AC7300BC59EA /* GeoFire.m in Sources */,
				208CB5EA1D74AC7300BC59EA /* GFGeoHashQuery.m in Sources */,
				208CB5EB1D74AC7300BC59EA /* GFQuery.m in Sources */,
			);
			runOnlyForDeploymentPostprocessing = 0;
		};
/* End PBXSourcesBuildPhase section */

/* Begin PBXVariantGroup section */
		208CB5C51D7498E200BC59EA /* Main.storyboard */ = {
			isa = PBXVariantGroup;
			children = (
				208CB5C61D7498E200BC59EA /* Base */,
			);
			name = Main.storyboard;
			sourceTree = "<group>";
		};
		208CB5CA1D7498E200BC59EA /* LaunchScreen.storyboard */ = {
			isa = PBXVariantGroup;
			children = (
				208CB5CB1D7498E200BC59EA /* Base */,
			);
			name = LaunchScreen.storyboard;
			sourceTree = "<group>";
		};
/* End PBXVariantGroup section */

/* Begin XCBuildConfiguration section */
		208CB5CE1D7498E200BC59EA /* Debug */ = {
			isa = XCBuildConfiguration;
			buildSettings = {
				ALWAYS_SEARCH_USER_PATHS = NO;
				CLANG_ANALYZER_NONNULL = YES;
				CLANG_CXX_LANGUAGE_STANDARD = "gnu++0x";
				CLANG_CXX_LIBRARY = "libc++";
				CLANG_ENABLE_MODULES = YES;
				CLANG_ENABLE_OBJC_ARC = YES;
				CLANG_WARN_BOOL_CONVERSION = YES;
				CLANG_WARN_CONSTANT_CONVERSION = YES;
				CLANG_WARN_DIRECT_OBJC_ISA_USAGE = YES_ERROR;
				CLANG_WARN_DOCUMENTATION_COMMENTS = YES;
				CLANG_WARN_EMPTY_BODY = YES;
				CLANG_WARN_ENUM_CONVERSION = YES;
				CLANG_WARN_INT_CONVERSION = YES;
				CLANG_WARN_OBJC_ROOT_CLASS = YES_ERROR;
				CLANG_WARN_UNREACHABLE_CODE = YES;
				CLANG_WARN__DUPLICATE_METHOD_MATCH = YES;
				"CODE_SIGN_IDENTITY[sdk=iphoneos*]" = "iPhone Developer";
				COPY_PHASE_STRIP = NO;
				DEBUG_INFORMATION_FORMAT = dwarf;
				ENABLE_STRICT_OBJC_MSGSEND = YES;
				ENABLE_TESTABILITY = YES;
				GCC_C_LANGUAGE_STANDARD = gnu99;
				GCC_DYNAMIC_NO_PIC = NO;
				GCC_NO_COMMON_BLOCKS = YES;
				GCC_OPTIMIZATION_LEVEL = 0;
				GCC_PREPROCESSOR_DEFINITIONS = (
					"DEBUG=1",
					"$(inherited)",
				);
				GCC_WARN_64_TO_32_BIT_CONVERSION = YES;
				GCC_WARN_ABOUT_RETURN_TYPE = YES_ERROR;
				GCC_WARN_UNDECLARED_SELECTOR = YES;
				GCC_WARN_UNINITIALIZED_AUTOS = YES_AGGRESSIVE;
				GCC_WARN_UNUSED_FUNCTION = YES;
				GCC_WARN_UNUSED_VARIABLE = YES;
				IPHONEOS_DEPLOYMENT_TARGET = 10.0;
				MTL_ENABLE_DEBUG_INFO = YES;
				ONLY_ACTIVE_ARCH = YES;
				SDKROOT = iphoneos;
				SWIFT_ACTIVE_COMPILATION_CONDITIONS = DEBUG;
				SWIFT_OPTIMIZATION_LEVEL = "-Onone";
				TARGETED_DEVICE_FAMILY = "1,2";
			};
			name = Debug;
		};
		208CB5CF1D7498E200BC59EA /* Release */ = {
			isa = XCBuildConfiguration;
			buildSettings = {
				ALWAYS_SEARCH_USER_PATHS = NO;
				CLANG_ANALYZER_NONNULL = YES;
				CLANG_CXX_LANGUAGE_STANDARD = "gnu++0x";
				CLANG_CXX_LIBRARY = "libc++";
				CLANG_ENABLE_MODULES = YES;
				CLANG_ENABLE_OBJC_ARC = YES;
				CLANG_WARN_BOOL_CONVERSION = YES;
				CLANG_WARN_CONSTANT_CONVERSION = YES;
				CLANG_WARN_DIRECT_OBJC_ISA_USAGE = YES_ERROR;
				CLANG_WARN_DOCUMENTATION_COMMENTS = YES;
				CLANG_WARN_EMPTY_BODY = YES;
				CLANG_WARN_ENUM_CONVERSION = YES;
				CLANG_WARN_INT_CONVERSION = YES;
				CLANG_WARN_OBJC_ROOT_CLASS = YES_ERROR;
				CLANG_WARN_UNREACHABLE_CODE = YES;
				CLANG_WARN__DUPLICATE_METHOD_MATCH = YES;
				"CODE_SIGN_IDENTITY[sdk=iphoneos*]" = "iPhone Developer";
				COPY_PHASE_STRIP = NO;
				DEBUG_INFORMATION_FORMAT = "dwarf-with-dsym";
				ENABLE_NS_ASSERTIONS = NO;
				ENABLE_STRICT_OBJC_MSGSEND = YES;
				GCC_C_LANGUAGE_STANDARD = gnu99;
				GCC_NO_COMMON_BLOCKS = YES;
				GCC_WARN_64_TO_32_BIT_CONVERSION = YES;
				GCC_WARN_ABOUT_RETURN_TYPE = YES_ERROR;
				GCC_WARN_UNDECLARED_SELECTOR = YES;
				GCC_WARN_UNINITIALIZED_AUTOS = YES_AGGRESSIVE;
				GCC_WARN_UNUSED_FUNCTION = YES;
				GCC_WARN_UNUSED_VARIABLE = YES;
				IPHONEOS_DEPLOYMENT_TARGET = 10.0;
				MTL_ENABLE_DEBUG_INFO = NO;
				SDKROOT = iphoneos;
				SWIFT_OPTIMIZATION_LEVEL = "-Owholemodule";
				TARGETED_DEVICE_FAMILY = "1,2";
				VALIDATE_PRODUCT = YES;
			};
			name = Release;
		};
		208CB5D11D7498E200BC59EA /* Debug */ = {
			isa = XCBuildConfiguration;
			baseConfigurationReference = 9CB3085F825E203B31B546BD /* Pods-PokeFinder.debug.xcconfig */;
			buildSettings = {
				ASSETCATALOG_COMPILER_APPICON_NAME = AppIcon;
				INFOPLIST_FILE = PokeFinder/Info.plist;
				IPHONEOS_DEPLOYMENT_TARGET = 9.0;
				LD_RUNPATH_SEARCH_PATHS = "$(inherited) @executable_path/Frameworks";
				PRODUCT_BUNDLE_IDENTIFIER = com.rickeyHrabowskie.pokesearch;
				PRODUCT_NAME = "$(TARGET_NAME)";
				SWIFT_OBJC_BRIDGING_HEADER = "PokeFinder/PokeFinder-Bridging-Header.h";
				SWIFT_VERSION = 3.0;
			};
			name = Debug;
		};
		208CB5D21D7498E200BC59EA /* Release */ = {
			isa = XCBuildConfiguration;
			baseConfigurationReference = EC3F9C48D060E64EFE344A2F /* Pods-PokeFinder.release.xcconfig */;
			buildSettings = {
				ASSETCATALOG_COMPILER_APPICON_NAME = AppIcon;
				INFOPLIST_FILE = PokeFinder/Info.plist;
				IPHONEOS_DEPLOYMENT_TARGET = 9.0;
				LD_RUNPATH_SEARCH_PATHS = "$(inherited) @executable_path/Frameworks";
				PRODUCT_BUNDLE_IDENTIFIER = com.rickeyHrabowskie.pokesearch;
				PRODUCT_NAME = "$(TARGET_NAME)";
				SWIFT_OBJC_BRIDGING_HEADER = "PokeFinder/PokeFinder-Bridging-Header.h";
				SWIFT_VERSION = 3.0;
			};
			name = Release;
		};
/* End XCBuildConfiguration section */

/* Begin XCConfigurationList section */
		208CB5B91D7498E100BC59EA /* Build configuration list for PBXProject "PokeFinder" */ = {
			isa = XCConfigurationList;
			buildConfigurations = (
				208CB5CE1D7498E200BC59EA /* Debug */,
				208CB5CF1D7498E200BC59EA /* Release */,
			);
			defaultConfigurationIsVisible = 0;
			defaultConfigurationName = Release;
		};
		208CB5D01D7498E200BC59EA /* Build configuration list for PBXNativeTarget "PokeFinder" */ = {
			isa = XCConfigurationList;
			buildConfigurations = (
				208CB5D11D7498E200BC59EA /* Debug */,
				208CB5D21D7498E200BC59EA /* Release */,
			);
			defaultConfigurationIsVisible = 0;
			defaultConfigurationName = Release;
		};
/* End XCConfigurationList section */
	};
	rootObject = 208CB5B61D7498E100BC59EA /* Project object */;
}
